
Microsoft Visual Studio Solution File, Format Version 12.00
# Visual Studio Version 16
VisualStudioVersion = 16.0.30711.63
MinimumVisualStudioVersion = 10.0.40219.1
Project("{FAE04EC0-301F-11D3-BF4B-00C04F79EFBC}") = "ЛР 3", "ЛР 3\ЛР 3.csproj", "{AE74DBD4-DE1A-406B-9A78-A7A894DADA70}"
EndProject
Global
	GlobalSection(SolutionConfigurationPlatforms) = preSolution
		Debug|Any CPU = Debug|Any CPU
		Release|Any CPU = Release|Any CPU
	EndGlobalSection
	GlobalSection(ProjectConfigurationPlatforms) = postSolution
		{AE74DBD4-DE1A-406B-9A78-A7A894DADA70}.Debug|Any CPU.ActiveCfg = Debug|Any CPU
		{AE74DBD4-DE1A-406B-9A78-A7A894DADA70}.Debug|Any CPU.Build.0 = Debug|Any CPU
		{AE74DBD4-DE1A-406B-9A78-A7A894DADA70}.Release|Any CPU.ActiveCfg = Release|Any CPU
		{AE74DBD4-DE1A-406B-9A78-A7A894DADA70}.Release|Any CPU.Build.0 = Release|Any CPU
	EndGlobalSection
	GlobalSection(SolutionProperties) = preSolution
		HideSolutionNode = FALSE
	EndGlobalSection
	GlobalSection(ExtensibilityGlobals) = postSolution
		SolutionGuid = {1E76DF50-EF71-4872-85A1-B58110EBCBA8}
	EndGlobalSection
EndGlobal
